// !$*UTF8*$!
{
	archiveVersion = 1;
	classes = {
	};
	objectVersion = 46;
	objects = {

/* Begin PBXBuildFile section */
		6E4BBCEF1F82B82F00E9F346 /* jrx.cpp in Sources */ = {isa = PBXBuildFile; fileRef = 6E4BBCED1F82B82F00E9F346 /* jrx.cpp */; };
		6E4BBCF21F82B85600E9F346 /* jrx_observable.hpp in Sources */ = {isa = PBXBuildFile; fileRef = 6E4BBCF01F82B85600E9F346 /* jrx_observable.hpp */; };
		6E4BBCF51F82B8E500E9F346 /* jrx_operator_filter.hpp in Sources */ = {isa = PBXBuildFile; fileRef = 6E4BBCF31F82B8E500E9F346 /* jrx_operator_filter.hpp */; };
		6E4BBCF81F82BA7E00E9F346 /* jrx_operator_map.hpp in Sources */ = {isa = PBXBuildFile; fileRef = 6E4BBCF61F82BA7E00E9F346 /* jrx_operator_map.hpp */; };
		6E4F47F91F8C11F7007A7265 /* jrx_typed_subscriber.hpp in Sources */ = {isa = PBXBuildFile; fileRef = 6E4F47F71F8C11F7007A7265 /* jrx_typed_subscriber.hpp */; };
		6E56D04F1FA3C473009BB9D8 /* jrx_partial_value_observer_ptr_factory.hpp in Sources */ = {isa = PBXBuildFile; fileRef = 6E56D04D1FA3C473009BB9D8 /* jrx_partial_value_observer_ptr_factory.hpp */; };
		6E6ACDA81F8185B8009B1DE4 /* main.cpp in Sources */ = {isa = PBXBuildFile; fileRef = 6E6ACDA71F8185B8009B1DE4 /* main.cpp */; };
		6E8368771F9E57490067E96D /* jrx_untyped_subscriber.cpp in Sources */ = {isa = PBXBuildFile; fileRef = 6E8368751F9E57490067E96D /* jrx_untyped_subscriber.cpp */; };
		6E83687A1F9E5EDD0067E96D /* jrx_operator_do.hpp in Sources */ = {isa = PBXBuildFile; fileRef = 6E8368781F9E5EDD0067E96D /* jrx_operator_do.hpp */; };
		6E83687D1F9E7B7E0067E96D /* jrx_partial_value_holder.hpp in Sources */ = {isa = PBXBuildFile; fileRef = 6E83687B1F9E7B7E0067E96D /* jrx_partial_value_holder.hpp */; };
		6E8368801F9E7BEE0067E96D /* jrx_partial_value_observer.hpp in Sources */ = {isa = PBXBuildFile; fileRef = 6E83687E1F9E7BEE0067E96D /* jrx_partial_value_observer.hpp */; };
		6EEDE1BC1F97DC2600FBD05E /* jrx_operator_combine_latest.hpp in Sources */ = {isa = PBXBuildFile; fileRef = 6EEDE1BA1F97DC2600FBD05E /* jrx_operator_combine_latest.hpp */; };
/* End PBXBuildFile section */

/* Begin PBXCopyFilesBuildPhase section */
		6E6ACDA21F8185B8009B1DE4 /* CopyFiles */ = {
			isa = PBXCopyFilesBuildPhase;
			buildActionMask = 2147483647;
			dstPath = /usr/share/man/man1/;
			dstSubfolderSpec = 0;
			files = (
			);
			runOnlyForDeploymentPostprocessing = 1;
		};
/* End PBXCopyFilesBuildPhase section */

/* Begin PBXFileReference section */
		6E4BBCED1F82B82F00E9F346 /* jrx.cpp */ = {isa = PBXFileReference; lastKnownFileType = sourcecode.cpp.cpp; path = jrx.cpp; sourceTree = "<group>"; };
		6E4BBCEE1F82B82F00E9F346 /* jrx.h */ = {isa = PBXFileReference; lastKnownFileType = sourcecode.c.h; path = jrx.h; sourceTree = "<group>"; };
		6E4BBCF01F82B85600E9F346 /* jrx_observable.hpp */ = {isa = PBXFileReference; lastKnownFileType = sourcecode.cpp.h; path = jrx_observable.hpp; sourceTree = "<group>"; };
		6E4BBCF11F82B85600E9F346 /* jrx_observable.h */ = {isa = PBXFileReference; lastKnownFileType = sourcecode.c.h; path = jrx_observable.h; sourceTree = "<group>"; };
		6E4BBCF31F82B8E500E9F346 /* jrx_operator_filter.hpp */ = {isa = PBXFileReference; lastKnownFileType = sourcecode.cpp.h; path = jrx_operator_filter.hpp; sourceTree = "<group>"; };
		6E4BBCF41F82B8E500E9F346 /* jrx_operator_filter.h */ = {isa = PBXFileReference; lastKnownFileType = sourcecode.c.h; path = jrx_operator_filter.h; sourceTree = "<group>"; };
		6E4BBCF61F82BA7E00E9F346 /* jrx_operator_map.hpp */ = {isa = PBXFileReference; lastKnownFileType = sourcecode.cpp.h; path = jrx_operator_map.hpp; sourceTree = "<group>"; };
		6E4BBCF71F82BA7E00E9F346 /* jrx_operator_map.h */ = {isa = PBXFileReference; lastKnownFileType = sourcecode.c.h; path = jrx_operator_map.h; sourceTree = "<group>"; };
		6E4F47F71F8C11F7007A7265 /* jrx_typed_subscriber.hpp */ = {isa = PBXFileReference; lastKnownFileType = sourcecode.cpp.h; path = jrx_typed_subscriber.hpp; sourceTree = "<group>"; };
		6E4F47F81F8C11F7007A7265 /* jrx_typed_subscriber.h */ = {isa = PBXFileReference; lastKnownFileType = sourcecode.c.h; path = jrx_typed_subscriber.h; sourceTree = "<group>"; };
		6E56D04D1FA3C473009BB9D8 /* jrx_partial_value_observer_ptr_factory.hpp */ = {isa = PBXFileReference; lastKnownFileType = sourcecode.cpp.h; path = jrx_partial_value_observer_ptr_factory.hpp; sourceTree = "<group>"; };
		6E56D04E1FA3C473009BB9D8 /* jrx_partial_value_observer_ptr_factory.h */ = {isa = PBXFileReference; lastKnownFileType = sourcecode.c.h; path = jrx_partial_value_observer_ptr_factory.h; sourceTree = "<group>"; };
		6E6ACDA41F8185B8009B1DE4 /* jrx */ = {isa = PBXFileReference; explicitFileType = "compiled.mach-o.executable"; includeInIndex = 0; path = jrx; sourceTree = BUILT_PRODUCTS_DIR; };
		6E6ACDA71F8185B8009B1DE4 /* main.cpp */ = {isa = PBXFileReference; lastKnownFileType = sourcecode.cpp.cpp; path = main.cpp; sourceTree = "<group>"; };
		6E8368751F9E57490067E96D /* jrx_untyped_subscriber.cpp */ = {isa = PBXFileReference; lastKnownFileType = sourcecode.cpp.cpp; path = jrx_untyped_subscriber.cpp; sourceTree = "<group>"; };
		6E8368761F9E57490067E96D /* jrx_untyped_subscriber.h */ = {isa = PBXFileReference; lastKnownFileType = sourcecode.c.h; path = jrx_untyped_subscriber.h; sourceTree = "<group>"; };
		6E8368781F9E5EDD0067E96D /* jrx_operator_do.hpp */ = {isa = PBXFileReference; lastKnownFileType = sourcecode.cpp.h; path = jrx_operator_do.hpp; sourceTree = "<group>"; };
		6E8368791F9E5EDD0067E96D /* jrx_operator_do.h */ = {isa = PBXFileReference; lastKnownFileType = sourcecode.c.h; path = jrx_operator_do.h; sourceTree = "<group>"; };
		6E83687B1F9E7B7E0067E96D /* jrx_partial_value_holder.hpp */ = {isa = PBXFileReference; lastKnownFileType = sourcecode.cpp.h; path = jrx_partial_value_holder.hpp; sourceTree = "<group>"; };
		6E83687C1F9E7B7E0067E96D /* jrx_partial_value_holder.h */ = {isa = PBXFileReference; lastKnownFileType = sourcecode.c.h; path = jrx_partial_value_holder.h; sourceTree = "<group>"; };
		6E83687E1F9E7BEE0067E96D /* jrx_partial_value_observer.hpp */ = {isa = PBXFileReference; lastKnownFileType = sourcecode.cpp.h; path = jrx_partial_value_observer.hpp; sourceTree = "<group>"; };
		6E83687F1F9E7BEE0067E96D /* jrx_partial_value_observer.h */ = {isa = PBXFileReference; lastKnownFileType = sourcecode.c.h; path = jrx_partial_value_observer.h; sourceTree = "<group>"; };
		6EEDE1BA1F97DC2600FBD05E /* jrx_operator_combine_latest.hpp */ = {isa = PBXFileReference; lastKnownFileType = sourcecode.cpp.h; path = jrx_operator_combine_latest.hpp; sourceTree = "<group>"; };
		6EEDE1BB1F97DC2600FBD05E /* jrx_operator_combine_latest.h */ = {isa = PBXFileReference; lastKnownFileType = sourcecode.c.h; path = jrx_operator_combine_latest.h; sourceTree = "<group>"; };
/* End PBXFileReference section */

/* Begin PBXFrameworksBuildPhase section */
		6E6ACDA11F8185B8009B1DE4 /* Frameworks */ = {
			isa = PBXFrameworksBuildPhase;
			buildActionMask = 2147483647;
			files = (
			);
			runOnlyForDeploymentPostprocessing = 0;
		};
/* End PBXFrameworksBuildPhase section */

/* Begin PBXGroup section */
		6E6ACD9B1F8185B8009B1DE4 = {
			isa = PBXGroup;
			children = (
				6E6ACDA61F8185B8009B1DE4 /* jrx */,
				6E6ACDA51F8185B8009B1DE4 /* Products */,
			);
			sourceTree = "<group>";
		};
		6E6ACDA51F8185B8009B1DE4 /* Products */ = {
			isa = PBXGroup;
			children = (
				6E6ACDA41F8185B8009B1DE4 /* jrx */,
			);
			name = Products;
			sourceTree = "<group>";
		};
		6E6ACDA61F8185B8009B1DE4 /* jrx */ = {
			isa = PBXGroup;
			children = (
				6E6ACDA71F8185B8009B1DE4 /* main.cpp */,
				6E4BBCEE1F82B82F00E9F346 /* jrx.h */,
				6E4BBCED1F82B82F00E9F346 /* jrx.cpp */,
				6E4BBCF11F82B85600E9F346 /* jrx_observable.h */,
				6E4BBCF01F82B85600E9F346 /* jrx_observable.hpp */,
				6E4BBCF41F82B8E500E9F346 /* jrx_operator_filter.h */,
				6E4BBCF31F82B8E500E9F346 /* jrx_operator_filter.hpp */,
				6E4BBCF71F82BA7E00E9F346 /* jrx_operator_map.h */,
				6E4BBCF61F82BA7E00E9F346 /* jrx_operator_map.hpp */,
				6E8368781F9E5EDD0067E96D /* jrx_operator_do.hpp */,
				6E8368791F9E5EDD0067E96D /* jrx_operator_do.h */,
				6E8368751F9E57490067E96D /* jrx_untyped_subscriber.cpp */,
				6E8368761F9E57490067E96D /* jrx_untyped_subscriber.h */,
				6E4F47F71F8C11F7007A7265 /* jrx_typed_subscriber.hpp */,
				6E4F47F81F8C11F7007A7265 /* jrx_typed_subscriber.h */,
				6EEDE1BA1F97DC2600FBD05E /* jrx_operator_combine_latest.hpp */,
				6EEDE1BB1F97DC2600FBD05E /* jrx_operator_combine_latest.h */,
				6E83687B1F9E7B7E0067E96D /* jrx_partial_value_holder.hpp */,
				6E83687C1F9E7B7E0067E96D /* jrx_partial_value_holder.h */,
				6E83687E1F9E7BEE0067E96D /* jrx_partial_value_observer.hpp */,
				6E83687F1F9E7BEE0067E96D /* jrx_partial_value_observer.h */,
				6E56D04D1FA3C473009BB9D8 /* jrx_partial_value_observer_ptr_factory.hpp */,
				6E56D04E1FA3C473009BB9D8 /* jrx_partial_value_observer_ptr_factory.h */,
			);
			path = jrx;
			sourceTree = "<group>";
		};
/* End PBXGroup section */

/* Begin PBXNativeTarget section */
		6E6ACDA31F8185B8009B1DE4 /* jrx */ = {
			isa = PBXNativeTarget;
			buildConfigurationList = 6E6ACDAB1F8185B8009B1DE4 /* Build configuration list for PBXNativeTarget "jrx" */;
			buildPhases = (
				6E6ACDA01F8185B8009B1DE4 /* Sources */,
				6E6ACDA11F8185B8009B1DE4 /* Frameworks */,
				6E6ACDA21F8185B8009B1DE4 /* CopyFiles */,
			);
			buildRules = (
			);
			dependencies = (
			);
			name = jrx;
			productName = JoRX;
			productReference = 6E6ACDA41F8185B8009B1DE4 /* jrx */;
			productType = "com.apple.product-type.tool";
		};
/* End PBXNativeTarget section */

/* Begin PBXProject section */
		6E6ACD9C1F8185B8009B1DE4 /* Project object */ = {
			isa = PBXProject;
			attributes = {
				LastUpgradeCheck = 0900;
				ORGANIZATIONNAME = "Jonas Johansson";
				TargetAttributes = {
					6E6ACDA31F8185B8009B1DE4 = {
						CreatedOnToolsVersion = 8.3;
						DevelopmentTeam = 8DXR45CKY9;
						ProvisioningStyle = Automatic;
					};
				};
			};
			buildConfigurationList = 6E6ACD9F1F8185B8009B1DE4 /* Build configuration list for PBXProject "jrx" */;
			compatibilityVersion = "Xcode 3.2";
			developmentRegion = English;
			hasScannedForEncodings = 0;
			knownRegions = (
				en,
			);
			mainGroup = 6E6ACD9B1F8185B8009B1DE4;
			productRefGroup = 6E6ACDA51F8185B8009B1DE4 /* Products */;
			projectDirPath = "";
			projectRoot = "";
			targets = (
				6E6ACDA31F8185B8009B1DE4 /* jrx */,
			);
		};
/* End PBXProject section */

/* Begin PBXSourcesBuildPhase section */
		6E6ACDA01F8185B8009B1DE4 /* Sources */ = {
			isa = PBXSourcesBuildPhase;
			buildActionMask = 2147483647;
			files = (
				6E4BBCF51F82B8E500E9F346 /* jrx_operator_filter.hpp in Sources */,
				6E4BBCF21F82B85600E9F346 /* jrx_observable.hpp in Sources */,
				6E56D04F1FA3C473009BB9D8 /* jrx_partial_value_observer_ptr_factory.hpp in Sources */,
				6E83687D1F9E7B7E0067E96D /* jrx_partial_value_holder.hpp in Sources */,
				6E8368771F9E57490067E96D /* jrx_untyped_subscriber.cpp in Sources */,
				6E4F47F91F8C11F7007A7265 /* jrx_typed_subscriber.hpp in Sources */,
				6E4BBCF81F82BA7E00E9F346 /* jrx_operator_map.hpp in Sources */,
				6E83687A1F9E5EDD0067E96D /* jrx_operator_do.hpp in Sources */,
				6E8368801F9E7BEE0067E96D /* jrx_partial_value_observer.hpp in Sources */,
				6E4BBCEF1F82B82F00E9F346 /* jrx.cpp in Sources */,
				6E6ACDA81F8185B8009B1DE4 /* main.cpp in Sources */,
				6EEDE1BC1F97DC2600FBD05E /* jrx_operator_combine_latest.hpp in Sources */,
			);
			runOnlyForDeploymentPostprocessing = 0;
		};
/* End PBXSourcesBuildPhase section */

/* Begin XCBuildConfiguration section */
		6E6ACDA91F8185B8009B1DE4 /* Debug */ = {
			isa = XCBuildConfiguration;
			buildSettings = {
				ALWAYS_SEARCH_USER_PATHS = NO;
				CLANG_ANALYZER_NONNULL = YES;
				CLANG_ANALYZER_NUMBER_OBJECT_CONVERSION = YES_AGGRESSIVE;
				CLANG_CXX_LANGUAGE_STANDARD = "c++17";
				CLANG_CXX_LIBRARY = "libc++";
				CLANG_ENABLE_MODULES = YES;
				CLANG_ENABLE_OBJC_ARC = YES;
				CLANG_WARN_BLOCK_CAPTURE_AUTORELEASING = YES;
				CLANG_WARN_BOOL_CONVERSION = YES;
				CLANG_WARN_COMMA = YES;
				CLANG_WARN_CONSTANT_CONVERSION = YES;
				CLANG_WARN_DIRECT_OBJC_ISA_USAGE = YES_ERROR;
				CLANG_WARN_DOCUMENTATION_COMMENTS = YES;
				CLANG_WARN_EMPTY_BODY = YES;
				CLANG_WARN_ENUM_CONVERSION = YES;
				CLANG_WARN_INFINITE_RECURSION = YES;
				CLANG_WARN_INT_CONVERSION = YES;
				CLANG_WARN_NON_LITERAL_NULL_CONVERSION = YES;
				CLANG_WARN_OBJC_LITERAL_CONVERSION = YES;
				CLANG_WARN_OBJC_ROOT_CLASS = YES_ERROR;
				CLANG_WARN_RANGE_LOOP_ANALYSIS = YES;
				CLANG_WARN_STRICT_PROTOTYPES = YES;
				CLANG_WARN_SUSPICIOUS_MOVE = YES;
				CLANG_WARN_UNREACHABLE_CODE = YES;
				CLANG_WARN__DUPLICATE_METHOD_MATCH = YES;
				CODE_SIGN_IDENTITY = "-";
				COPY_PHASE_STRIP = NO;
				DEBUG_INFORMATION_FORMAT = dwarf;
				ENABLE_STRICT_OBJC_MSGSEND = YES;
				ENABLE_TESTABILITY = YES;
				GCC_C_LANGUAGE_STANDARD = gnu99;
				GCC_DYNAMIC_NO_PIC = NO;
				GCC_NO_COMMON_BLOCKS = YES;
				GCC_OPTIMIZATION_LEVEL = 0;
				GCC_PREPROCESSOR_DEFINITIONS = (
					"DEBUG=1",
					"$(inherited)",
				);
				GCC_WARN_64_TO_32_BIT_CONVERSION = YES;
				GCC_WARN_ABOUT_RETURN_TYPE = YES_ERROR;
				GCC_WARN_UNDECLARED_SELECTOR = YES;
				GCC_WARN_UNINITIALIZED_AUTOS = YES_AGGRESSIVE;
				GCC_WARN_UNUSED_FUNCTION = YES;
				GCC_WARN_UNUSED_VARIABLE = YES;
				MACOSX_DEPLOYMENT_TARGET = 10.13;
				MTL_ENABLE_DEBUG_INFO = YES;
				ONLY_ACTIVE_ARCH = YES;
				SDKROOT = macosx;
			};
			name = Debug;
		};
		6E6ACDAA1F8185B8009B1DE4 /* Release */ = {
			isa = XCBuildConfiguration;
			buildSettings = {
				ALWAYS_SEARCH_USER_PATHS = NO;
				CLANG_ANALYZER_NONNULL = YES;
				CLANG_ANALYZER_NUMBER_OBJECT_CONVERSION = YES_AGGRESSIVE;
				CLANG_CXX_LANGUAGE_STANDARD = "c++17";
				CLANG_CXX_LIBRARY = "libc++";
				CLANG_ENABLE_MODULES = YES;
				CLANG_ENABLE_OBJC_ARC = YES;
				CLANG_WARN_BLOCK_CAPTURE_AUTORELEASING = YES;
				CLANG_WARN_BOOL_CONVERSION = YES;
				CLANG_WARN_COMMA = YES;
				CLANG_WARN_CONSTANT_CONVERSION = YES;
				CLANG_WARN_DIRECT_OBJC_ISA_USAGE = YES_ERROR;
				CLANG_WARN_DOCUMENTATION_COMMENTS = YES;
				CLANG_WARN_EMPTY_BODY = YES;
				CLANG_WARN_ENUM_CONVERSION = YES;
				CLANG_WARN_INFINITE_RECURSION = YES;
				CLANG_WARN_INT_CONVERSION = YES;
				CLANG_WARN_NON_LITERAL_NULL_CONVERSION = YES;
				CLANG_WARN_OBJC_LITERAL_CONVERSION = YES;
				CLANG_WARN_OBJC_ROOT_CLASS = YES_ERROR;
				CLANG_WARN_RANGE_LOOP_ANALYSIS = YES;
				CLANG_WARN_STRICT_PROTOTYPES = YES;
				CLANG_WARN_SUSPICIOUS_MOVE = YES;
				CLANG_WARN_UNREACHABLE_CODE = YES;
				CLANG_WARN__DUPLICATE_METHOD_MATCH = YES;
				CODE_SIGN_IDENTITY = "-";
				COPY_PHASE_STRIP = NO;
				DEBUG_INFORMATION_FORMAT = "dwarf-with-dsym";
				ENABLE_NS_ASSERTIONS = NO;
				ENABLE_STRICT_OBJC_MSGSEND = YES;
				GCC_C_LANGUAGE_STANDARD = gnu99;
				GCC_NO_COMMON_BLOCKS = YES;
				GCC_WARN_64_TO_32_BIT_CONVERSION = YES;
				GCC_WARN_ABOUT_RETURN_TYPE = YES_ERROR;
				GCC_WARN_UNDECLARED_SELECTOR = YES;
				GCC_WARN_UNINITIALIZED_AUTOS = YES_AGGRESSIVE;
				GCC_WARN_UNUSED_FUNCTION = YES;
				GCC_WARN_UNUSED_VARIABLE = YES;
				MACOSX_DEPLOYMENT_TARGET = 10.13;
				MTL_ENABLE_DEBUG_INFO = NO;
				SDKROOT = macosx;
			};
			name = Release;
		};
		6E6ACDAC1F8185B8009B1DE4 /* Debug */ = {
			isa = XCBuildConfiguration;
			buildSettings = {
				DEVELOPMENT_TEAM = 8DXR45CKY9;
				PRODUCT_NAME = "$(TARGET_NAME)";
			};
			name = Debug;
		};
		6E6ACDAD1F8185B8009B1DE4 /* Release */ = {
			isa = XCBuildConfiguration;
			buildSettings = {
				DEVELOPMENT_TEAM = 8DXR45CKY9;
				PRODUCT_NAME = "$(TARGET_NAME)";
			};
			name = Release;
		};
/* End XCBuildConfiguration section */

/* Begin XCConfigurationList section */
		6E6ACD9F1F8185B8009B1DE4 /* Build configuration list for PBXProject "jrx" */ = {
			isa = XCConfigurationList;
			buildConfigurations = (
				6E6ACDA91F8185B8009B1DE4 /* Debug */,
				6E6ACDAA1F8185B8009B1DE4 /* Release */,
			);
			defaultConfigurationIsVisible = 0;
			defaultConfigurationName = Release;
		};
		6E6ACDAB1F8185B8009B1DE4 /* Build configuration list for PBXNativeTarget "jrx" */ = {
			isa = XCConfigurationList;
			buildConfigurations = (
				6E6ACDAC1F8185B8009B1DE4 /* Debug */,
				6E6ACDAD1F8185B8009B1DE4 /* Release */,
			);
			defaultConfigurationIsVisible = 0;
			defaultConfigurationName = Release;
		};
/* End XCConfigurationList section */
	};
	rootObject = 6E6ACD9C1F8185B8009B1DE4 /* Project object */;
}
